// !$*UTF8*$!
{
	archiveVersion = 1;
	classes = {
	};
	objectVersion = 56;
	objects = {

/* Begin PBXBuildFile section */
		8F316E8F29D1843500F35281 /* .gitignore in Resources */ = {isa = PBXBuildFile; fileRef = 8F316E8E29D1843500F35281 /* .gitignore */; };
		8F316E9129D1863D00F35281 /* Movie.swift in Sources */ = {isa = PBXBuildFile; fileRef = 8F316E9029D1863D00F35281 /* Movie.swift */; };
		8F316E9329D1867500F35281 /* Utils.swift in Sources */ = {isa = PBXBuildFile; fileRef = 8F316E9229D1867500F35281 /* Utils.swift */; };
		8F316E9529D1869600F35281 /* ImageLoader.swift in Sources */ = {isa = PBXBuildFile; fileRef = 8F316E9429D1869600F35281 /* ImageLoader.swift */; };
		8F316E9729D186CE00F35281 /* MovieService.swift in Sources */ = {isa = PBXBuildFile; fileRef = 8F316E9629D186CE00F35281 /* MovieService.swift */; };
		8F316E9929D186F800F35281 /* MovieStore.swift in Sources */ = {isa = PBXBuildFile; fileRef = 8F316E9829D186F800F35281 /* MovieStore.swift */; };
		8F316E9B29D1874500F35281 /* MovieDetailState.swift in Sources */ = {isa = PBXBuildFile; fileRef = 8F316E9A29D1874500F35281 /* MovieDetailState.swift */; };
		8F316E9D29D1876B00F35281 /* MovieListState.swift in Sources */ = {isa = PBXBuildFile; fileRef = 8F316E9C29D1876B00F35281 /* MovieListState.swift */; };
		8F316EA129D187E900F35281 /* MovieSearchState.swift in Sources */ = {isa = PBXBuildFile; fileRef = 8F316EA029D187E900F35281 /* MovieSearchState.swift */; };
		8F316EA329D1880500F35281 /* SearchBarView.swift in Sources */ = {isa = PBXBuildFile; fileRef = 8F316EA229D1880500F35281 /* SearchBarView.swift */; };
		8F316EA529D1883300F35281 /* MovieDetailView.swift in Sources */ = {isa = PBXBuildFile; fileRef = 8F316EA429D1883300F35281 /* MovieDetailView.swift */; };
		8F316EA729D1885F00F35281 /* MovieListView.swift in Sources */ = {isa = PBXBuildFile; fileRef = 8F316EA629D1885F00F35281 /* MovieListView.swift */; };
		8F316EA929D1888100F35281 /* MovieCarouselView.swift in Sources */ = {isa = PBXBuildFile; fileRef = 8F316EA829D1888100F35281 /* MovieCarouselView.swift */; };
		8F316EAB29D1889800F35281 /* MovieSearchView.swift in Sources */ = {isa = PBXBuildFile; fileRef = 8F316EAA29D1889800F35281 /* MovieSearchView.swift */; };
		8F7BFC7D29D1835300395118 /* movieAppApp.swift in Sources */ = {isa = PBXBuildFile; fileRef = 8F7BFC7C29D1835300395118 /* movieAppApp.swift */; };
		8F7BFC7F29D1835300395118 /* ContentView.swift in Sources */ = {isa = PBXBuildFile; fileRef = 8F7BFC7E29D1835300395118 /* ContentView.swift */; };
		8F7BFC8129D1835400395118 /* Assets.xcassets in Resources */ = {isa = PBXBuildFile; fileRef = 8F7BFC8029D1835400395118 /* Assets.xcassets */; };
		8F7BFC8429D1835400395118 /* Preview Assets.xcassets in Resources */ = {isa = PBXBuildFile; fileRef = 8F7BFC8329D1835400395118 /* Preview Assets.xcassets */; };
/* End PBXBuildFile section */

/* Begin PBXContainerItemProxy section */
		8F7BFC8A29D1835400395118 /* PBXContainerItemProxy */ = {
			isa = PBXContainerItemProxy;
			containerPortal = 8F7BFC7129D1835300395118 /* Project object */;
			proxyType = 1;
			remoteGlobalIDString = 8F7BFC7829D1835300395118;
			remoteInfo = movieApp;
		};
		8F7BFC9429D1835500395118 /* PBXContainerItemProxy */ = {
			isa = PBXContainerItemProxy;
			containerPortal = 8F7BFC7129D1835300395118 /* Project object */;
			proxyType = 1;
			remoteGlobalIDString = 8F7BFC7829D1835300395118;
			remoteInfo = movieApp;
		};
/* End PBXContainerItemProxy section */

/* Begin PBXFileReference section */
		8F316E8E29D1843500F35281 /* .gitignore */ = {isa = PBXFileReference; lastKnownFileType = text; path = .gitignore; sourceTree = "<group>"; };
		8F316E9029D1863D00F35281 /* Movie.swift */ = {isa = PBXFileReference; lastKnownFileType = sourcecode.swift; path = Movie.swift; sourceTree = "<group>"; };
		8F316E9229D1867500F35281 /* Utils.swift */ = {isa = PBXFileReference; lastKnownFileType = sourcecode.swift; path = Utils.swift; sourceTree = "<group>"; };
		8F316E9429D1869600F35281 /* ImageLoader.swift */ = {isa = PBXFileReference; lastKnownFileType = sourcecode.swift; path = ImageLoader.swift; sourceTree = "<group>"; };
		8F316E9629D186CE00F35281 /* MovieService.swift */ = {isa = PBXFileReference; lastKnownFileType = sourcecode.swift; path = MovieService.swift; sourceTree = "<group>"; };
		8F316E9829D186F800F35281 /* MovieStore.swift */ = {isa = PBXFileReference; lastKnownFileType = sourcecode.swift; path = MovieStore.swift; sourceTree = "<group>"; };
		8F316E9A29D1874500F35281 /* MovieDetailState.swift */ = {isa = PBXFileReference; lastKnownFileType = sourcecode.swift; path = MovieDetailState.swift; sourceTree = "<group>"; };
		8F316E9C29D1876B00F35281 /* MovieListState.swift */ = {isa = PBXFileReference; lastKnownFileType = sourcecode.swift; path = MovieListState.swift; sourceTree = "<group>"; };
		8F316EA029D187E900F35281 /* MovieSearchState.swift */ = {isa = PBXFileReference; lastKnownFileType = sourcecode.swift; path = MovieSearchState.swift; sourceTree = "<group>"; };
		8F316EA229D1880500F35281 /* SearchBarView.swift */ = {isa = PBXFileReference; lastKnownFileType = sourcecode.swift; path = SearchBarView.swift; sourceTree = "<group>"; };
		8F316EA429D1883300F35281 /* MovieDetailView.swift */ = {isa = PBXFileReference; lastKnownFileType = sourcecode.swift; path = MovieDetailView.swift; sourceTree = "<group>"; };
		8F316EA629D1885F00F35281 /* MovieListView.swift */ = {isa = PBXFileReference; lastKnownFileType = sourcecode.swift; path = MovieListView.swift; sourceTree = "<group>"; };
		8F316EA829D1888100F35281 /* MovieCarouselView.swift */ = {isa = PBXFileReference; lastKnownFileType = sourcecode.swift; path = MovieCarouselView.swift; sourceTree = "<group>"; };
		8F316EAA29D1889800F35281 /* MovieSearchView.swift */ = {isa = PBXFileReference; lastKnownFileType = sourcecode.swift; path = MovieSearchView.swift; sourceTree = "<group>"; };
		8F7BFC7929D1835300395118 /* movieApp.app */ = {isa = PBXFileReference; explicitFileType = wrapper.application; includeInIndex = 0; path = movieApp.app; sourceTree = BUILT_PRODUCTS_DIR; };
		8F7BFC7C29D1835300395118 /* movieAppApp.swift */ = {isa = PBXFileReference; lastKnownFileType = sourcecode.swift; path = movieAppApp.swift; sourceTree = "<group>"; };
		8F7BFC7E29D1835300395118 /* ContentView.swift */ = {isa = PBXFileReference; lastKnownFileType = sourcecode.swift; path = ContentView.swift; sourceTree = "<group>"; };
		8F7BFC8029D1835400395118 /* Assets.xcassets */ = {isa = PBXFileReference; lastKnownFileType = folder.assetcatalog; path = Assets.xcassets; sourceTree = "<group>"; };
		8F7BFC8329D1835400395118 /* Preview Assets.xcassets */ = {isa = PBXFileReference; lastKnownFileType = folder.assetcatalog; path = "Preview Assets.xcassets"; sourceTree = "<group>"; };
		8F7BFC8929D1835400395118 /* movieAppTests.xctest */ = {isa = PBXFileReference; explicitFileType = wrapper.cfbundle; includeInIndex = 0; path = movieAppTests.xctest; sourceTree = BUILT_PRODUCTS_DIR; };
		8F7BFC9329D1835500395118 /* movieAppUITests.xctest */ = {isa = PBXFileReference; explicitFileType = wrapper.cfbundle; includeInIndex = 0; path = movieAppUITests.xctest; sourceTree = BUILT_PRODUCTS_DIR; };
/* End PBXFileReference section */

/* Begin PBXFrameworksBuildPhase section */
		8F7BFC7629D1835300395118 /* Frameworks */ = {
			isa = PBXFrameworksBuildPhase;
			buildActionMask = 2147483647;
			files = (
			);
			runOnlyForDeploymentPostprocessing = 0;
		};
		8F7BFC8629D1835400395118 /* Frameworks */ = {
			isa = PBXFrameworksBuildPhase;
			buildActionMask = 2147483647;
			files = (
			);
			runOnlyForDeploymentPostprocessing = 0;
		};
		8F7BFC9029D1835500395118 /* Frameworks */ = {
			isa = PBXFrameworksBuildPhase;
			buildActionMask = 2147483647;
			files = (
			);
			runOnlyForDeploymentPostprocessing = 0;
		};
/* End PBXFrameworksBuildPhase section */

/* Begin PBXGroup section */
		8F7BFC7029D1835300395118 = {
			isa = PBXGroup;
			children = (
				8F7BFC7B29D1835300395118 /* movieApp */,
				8F7BFC7A29D1835300395118 /* Products */,
			);
			sourceTree = "<group>";
		};
		8F7BFC7A29D1835300395118 /* Products */ = {
			isa = PBXGroup;
			children = (
				8F7BFC7929D1835300395118 /* movieApp.app */,
				8F7BFC8929D1835400395118 /* movieAppTests.xctest */,
				8F7BFC9329D1835500395118 /* movieAppUITests.xctest */,
			);
			name = Products;
			sourceTree = "<group>";
		};
		8F7BFC7B29D1835300395118 /* movieApp */ = {
			isa = PBXGroup;
			children = (
				8F316E8E29D1843500F35281 /* .gitignore */,
				8F7BFC7C29D1835300395118 /* movieAppApp.swift */,
				8F7BFC7E29D1835300395118 /* ContentView.swift */,
				8F7BFC8029D1835400395118 /* Assets.xcassets */,
				8F7BFC8229D1835400395118 /* Preview Content */,
				8F316E9029D1863D00F35281 /* Movie.swift */,
				8F316E9229D1867500F35281 /* Utils.swift */,
				8F316E9429D1869600F35281 /* ImageLoader.swift */,
				8F316E9629D186CE00F35281 /* MovieService.swift */,
				8F316E9829D186F800F35281 /* MovieStore.swift */,
				8F316E9A29D1874500F35281 /* MovieDetailState.swift */,
				8F316E9C29D1876B00F35281 /* MovieListState.swift */,
				8F316EA029D187E900F35281 /* MovieSearchState.swift */,
				8F316EA229D1880500F35281 /* SearchBarView.swift */,
				8F316EA429D1883300F35281 /* MovieDetailView.swift */,
				8F316EA629D1885F00F35281 /* MovieListView.swift */,
				8F316EAA29D1889800F35281 /* MovieSearchView.swift */,
				8F316EA829D1888100F35281 /* MovieCarouselView.swift */,
			);
			path = movieApp;
			sourceTree = "<group>";
		};
		8F7BFC8229D1835400395118 /* Preview Content */ = {
			isa = PBXGroup;
			children = (
				8F7BFC8329D1835400395118 /* Preview Assets.xcassets */,
			);
			path = "Preview Content";
			sourceTree = "<group>";
		};
/* End PBXGroup section */

/* Begin PBXNativeTarget section */
		8F7BFC7829D1835300395118 /* movieApp */ = {
			isa = PBXNativeTarget;
			buildConfigurationList = 8F7BFC9D29D1835500395118 /* Build configuration list for PBXNativeTarget "movieApp" */;
			buildPhases = (
				8F7BFC7529D1835300395118 /* Sources */,
				8F7BFC7629D1835300395118 /* Frameworks */,
				8F7BFC7729D1835300395118 /* Resources */,
			);
			buildRules = (
			);
			dependencies = (
			);
			name = movieApp;
			productName = movieApp;
			productReference = 8F7BFC7929D1835300395118 /* movieApp.app */;
			productType = "com.apple.product-type.application";
		};
		8F7BFC8829D1835400395118 /* movieAppTests */ = {
			isa = PBXNativeTarget;
			buildConfigurationList = 8F7BFCA029D1835500395118 /* Build configuration list for PBXNativeTarget "movieAppTests" */;
			buildPhases = (
				8F7BFC8529D1835400395118 /* Sources */,
				8F7BFC8629D1835400395118 /* Frameworks */,
				8F7BFC8729D1835400395118 /* Resources */,
			);
			buildRules = (
			);
			dependencies = (
				8F7BFC8B29D1835400395118 /* PBXTargetDependency */,
			);
			name = movieAppTests;
			productName = movieAppTests;
			productReference = 8F7BFC8929D1835400395118 /* movieAppTests.xctest */;
			productType = "com.apple.product-type.bundle.unit-test";
		};
		8F7BFC9229D1835500395118 /* movieAppUITests */ = {
			isa = PBXNativeTarget;
			buildConfigurationList = 8F7BFCA329D1835500395118 /* Build configuration list for PBXNativeTarget "movieAppUITests" */;
			buildPhases = (
				8F7BFC8F29D1835500395118 /* Sources */,
				8F7BFC9029D1835500395118 /* Frameworks */,
				8F7BFC9129D1835500395118 /* Resources */,
			);
			buildRules = (
			);
			dependencies = (
				8F7BFC9529D1835500395118 /* PBXTargetDependency */,
			);
			name = movieAppUITests;
			productName = movieAppUITests;
			productReference = 8F7BFC9329D1835500395118 /* movieAppUITests.xctest */;
			productType = "com.apple.product-type.bundle.ui-testing";
		};
/* End PBXNativeTarget section */

/* Begin PBXProject section */
		8F7BFC7129D1835300395118 /* Project object */ = {
			isa = PBXProject;
			attributes = {
				BuildIndependentTargetsInParallel = 1;
				LastSwiftUpdateCheck = 1420;
				LastUpgradeCheck = 1420;
				TargetAttributes = {
					8F7BFC7829D1835300395118 = {
						CreatedOnToolsVersion = 14.2;
					};
					8F7BFC8829D1835400395118 = {
						CreatedOnToolsVersion = 14.2;
						TestTargetID = 8F7BFC7829D1835300395118;
					};
					8F7BFC9229D1835500395118 = {
						CreatedOnToolsVersion = 14.2;
						TestTargetID = 8F7BFC7829D1835300395118;
					};
				};
			};
			buildConfigurationList = 8F7BFC7429D1835300395118 /* Build configuration list for PBXProject "movieApp" */;
			compatibilityVersion = "Xcode 14.0";
			developmentRegion = en;
			hasScannedForEncodings = 0;
			knownRegions = (
				en,
				Base,
			);
			mainGroup = 8F7BFC7029D1835300395118;
			productRefGroup = 8F7BFC7A29D1835300395118 /* Products */;
			projectDirPath = "";
			projectRoot = "";
			targets = (
				8F7BFC7829D1835300395118 /* movieApp */,
				8F7BFC8829D1835400395118 /* movieAppTests */,
				8F7BFC9229D1835500395118 /* movieAppUITests */,
			);
		};
/* End PBXProject section */

/* Begin PBXResourcesBuildPhase section */
		8F7BFC7729D1835300395118 /* Resources */ = {
			isa = PBXResourcesBuildPhase;
			buildActionMask = 2147483647;
			files = (
				8F7BFC8429D1835400395118 /* Preview Assets.xcassets in Resources */,
				8F316E8F29D1843500F35281 /* .gitignore in Resources */,
				8F7BFC8129D1835400395118 /* Assets.xcassets in Resources */,
			);
			runOnlyForDeploymentPostprocessing = 0;
		};
		8F7BFC8729D1835400395118 /* Resources */ = {
			isa = PBXResourcesBuildPhase;
			buildActionMask = 2147483647;
			files = (
			);
			runOnlyForDeploymentPostprocessing = 0;
		};
		8F7BFC9129D1835500395118 /* Resources */ = {
			isa = PBXResourcesBuildPhase;
			buildActionMask = 2147483647;
			files = (
			);
			runOnlyForDeploymentPostprocessing = 0;
		};
/* End PBXResourcesBuildPhase section */

/* Begin PBXSourcesBuildPhase section */
		8F7BFC7529D1835300395118 /* Sources */ = {
			isa = PBXSourcesBuildPhase;
			buildActionMask = 2147483647;
			files = (
				8F316EAB29D1889800F35281 /* MovieSearchView.swift in Sources */,
				8F316E9729D186CE00F35281 /* MovieService.swift in Sources */,
				8F7BFC7F29D1835300395118 /* ContentView.swift in Sources */,
				8F316EA129D187E900F35281 /* MovieSearchState.swift in Sources */,
				8F7BFC7D29D1835300395118 /* movieAppApp.swift in Sources */,
				8F316E9529D1869600F35281 /* ImageLoader.swift in Sources */,
				8F316E9129D1863D00F35281 /* Movie.swift in Sources */,
				8F316EA529D1883300F35281 /* MovieDetailView.swift in Sources */,
				8F316EA929D1888100F35281 /* MovieCarouselView.swift in Sources */,
				8F316E9D29D1876B00F35281 /* MovieListState.swift in Sources */,
				8F316EA329D1880500F35281 /* SearchBarView.swift in Sources */,
				8F316E9B29D1874500F35281 /* MovieDetailState.swift in Sources */,
				8F316EA729D1885F00F35281 /* MovieListView.swift in Sources */,
				8F316E9329D1867500F35281 /* Utils.swift in Sources */,
				8F316E9929D186F800F35281 /* MovieStore.swift in Sources */,
			);
			runOnlyForDeploymentPostprocessing = 0;
		};
		8F7BFC8529D1835400395118 /* Sources */ = {
			isa = PBXSourcesBuildPhase;
			buildActionMask = 2147483647;
			files = (
			);
			runOnlyForDeploymentPostprocessing = 0;
		};
		8F7BFC8F29D1835500395118 /* Sources */ = {
			isa = PBXSourcesBuildPhase;
			buildActionMask = 2147483647;
			files = (
			);
			runOnlyForDeploymentPostprocessing = 0;
		};
/* End PBXSourcesBuildPhase section */

/* Begin PBXTargetDependency section */
		8F7BFC8B29D1835400395118 /* PBXTargetDependency */ = {
			isa = PBXTargetDependency;
			target = 8F7BFC7829D1835300395118 /* movieApp */;
			targetProxy = 8F7BFC8A29D1835400395118 /* PBXContainerItemProxy */;
		};
		8F7BFC9529D1835500395118 /* PBXTargetDependency */ = {
			isa = PBXTargetDependency;
			target = 8F7BFC7829D1835300395118 /* movieApp */;
			targetProxy = 8F7BFC9429D1835500395118 /* PBXContainerItemProxy */;
		};
/* End PBXTargetDependency section */

/* Begin XCBuildConfiguration section */
		8F7BFC9B29D1835500395118 /* Debug */ = {
			isa = XCBuildConfiguration;
			buildSettings = {
				ALWAYS_SEARCH_USER_PATHS = NO;
				CLANG_ANALYZER_NONNULL = YES;
				CLANG_ANALYZER_NUMBER_OBJECT_CONVERSION = YES_AGGRESSIVE;
				CLANG_CXX_LANGUAGE_STANDARD = "gnu++20";
				CLANG_ENABLE_MODULES = YES;
				CLANG_ENABLE_OBJC_ARC = YES;
				CLANG_ENABLE_OBJC_WEAK = YES;
				CLANG_WARN_BLOCK_CAPTURE_AUTORELEASING = YES;
				CLANG_WARN_BOOL_CONVERSION = YES;
				CLANG_WARN_COMMA = YES;
				CLANG_WARN_CONSTANT_CONVERSION = YES;
				CLANG_WARN_DEPRECATED_OBJC_IMPLEMENTATIONS = YES;
				CLANG_WARN_DIRECT_OBJC_ISA_USAGE = YES_ERROR;
				CLANG_WARN_DOCUMENTATION_COMMENTS = YES;
				CLANG_WARN_EMPTY_BODY = YES;
				CLANG_WARN_ENUM_CONVERSION = YES;
				CLANG_WARN_INFINITE_RECURSION = YES;
				CLANG_WARN_INT_CONVERSION = YES;
				CLANG_WARN_NON_LITERAL_NULL_CONVERSION = YES;
				CLANG_WARN_OBJC_IMPLICIT_RETAIN_SELF = YES;
				CLANG_WARN_OBJC_LITERAL_CONVERSION = YES;
				CLANG_WARN_OBJC_ROOT_CLASS = YES_ERROR;
				CLANG_WARN_QUOTED_INCLUDE_IN_FRAMEWORK_HEADER = YES;
				CLANG_WARN_RANGE_LOOP_ANALYSIS = YES;
				CLANG_WARN_STRICT_PROTOTYPES = YES;
				CLANG_WARN_SUSPICIOUS_MOVE = YES;
				CLANG_WARN_UNGUARDED_AVAILABILITY = YES_AGGRESSIVE;
				CLANG_WARN_UNREACHABLE_CODE = YES;
				CLANG_WARN__DUPLICATE_METHOD_MATCH = YES;
				COPY_PHASE_STRIP = NO;
				DEBUG_INFORMATION_FORMAT = dwarf;
				ENABLE_STRICT_OBJC_MSGSEND = YES;
				ENABLE_TESTABILITY = YES;
				GCC_C_LANGUAGE_STANDARD = gnu11;
				GCC_DYNAMIC_NO_PIC = NO;
				GCC_NO_COMMON_BLOCKS = YES;
				GCC_OPTIMIZATION_LEVEL = 0;
				GCC_PREPROCESSOR_DEFINITIONS = (
					"DEBUG=1",
					"$(inherited)",
				);
				GCC_WARN_64_TO_32_BIT_CONVERSION = YES;
				GCC_WARN_ABOUT_RETURN_TYPE = YES_ERROR;
				GCC_WARN_UNDECLARED_SELECTOR = YES;
				GCC_WARN_UNINITIALIZED_AUTOS = YES_AGGRESSIVE;
				GCC_WARN_UNUSED_FUNCTION = YES;
				GCC_WARN_UNUSED_VARIABLE = YES;
				IPHONEOS_DEPLOYMENT_TARGET = 16.2;
				MTL_ENABLE_DEBUG_INFO = INCLUDE_SOURCE;
				MTL_FAST_MATH = YES;
				ONLY_ACTIVE_ARCH = YES;
				SDKROOT = iphoneos;
				SWIFT_ACTIVE_COMPILATION_CONDITIONS = DEBUG;
				SWIFT_OPTIMIZATION_LEVEL = "-Onone";
			};
			name = Debug;
		};
		8F7BFC9C29D1835500395118 /* Release */ = {
			isa = XCBuildConfiguration;
			buildSettings = {
				ALWAYS_SEARCH_USER_PATHS = NO;
				CLANG_ANALYZER_NONNULL = YES;
				CLANG_ANALYZER_NUMBER_OBJECT_CONVERSION = YES_AGGRESSIVE;
				CLANG_CXX_LANGUAGE_STANDARD = "gnu++20";
				CLANG_ENABLE_MODULES = YES;
				CLANG_ENABLE_OBJC_ARC = YES;
				CLANG_ENABLE_OBJC_WEAK = YES;
				CLANG_WARN_BLOCK_CAPTURE_AUTORELEASING = YES;
				CLANG_WARN_BOOL_CONVERSION = YES;
				CLANG_WARN_COMMA = YES;
				CLANG_WARN_CONSTANT_CONVERSION = YES;
				CLANG_WARN_DEPRECATED_OBJC_IMPLEMENTATIONS = YES;
				CLANG_WARN_DIRECT_OBJC_ISA_USAGE = YES_ERROR;
				CLANG_WARN_DOCUMENTATION_COMMENTS = YES;
				CLANG_WARN_EMPTY_BODY = YES;
				CLANG_WARN_ENUM_CONVERSION = YES;
				CLANG_WARN_INFINITE_RECURSION = YES;
				CLANG_WARN_INT_CONVERSION = YES;
				CLANG_WARN_NON_LITERAL_NULL_CONVERSION = YES;
				CLANG_WARN_OBJC_IMPLICIT_RETAIN_SELF = YES;
				CLANG_WARN_OBJC_LITERAL_CONVERSION = YES;
				CLANG_WARN_OBJC_ROOT_CLASS = YES_ERROR;
				CLANG_WARN_QUOTED_INCLUDE_IN_FRAMEWORK_HEADER = YES;
				CLANG_WARN_RANGE_LOOP_ANALYSIS = YES;
				CLANG_WARN_STRICT_PROTOTYPES = YES;
				CLANG_WARN_SUSPICIOUS_MOVE = YES;
				CLANG_WARN_UNGUARDED_AVAILABILITY = YES_AGGRESSIVE;
				CLANG_WARN_UNREACHABLE_CODE = YES;
				CLANG_WARN__DUPLICATE_METHOD_MATCH = YES;
				COPY_PHASE_STRIP = NO;
				DEBUG_INFORMATION_FORMAT = "dwarf-with-dsym";
				ENABLE_NS_ASSERTIONS = NO;
				ENABLE_STRICT_OBJC_MSGSEND = YES;
				GCC_C_LANGUAGE_STANDARD = gnu11;
				GCC_NO_COMMON_BLOCKS = YES;
				GCC_WARN_64_TO_32_BIT_CONVERSION = YES;
				GCC_WARN_ABOUT_RETURN_TYPE = YES_ERROR;
				GCC_WARN_UNDECLARED_SELECTOR = YES;
				GCC_WARN_UNINITIALIZED_AUTOS = YES_AGGRESSIVE;
				GCC_WARN_UNUSED_FUNCTION = YES;
				GCC_WARN_UNUSED_VARIABLE = YES;
				IPHONEOS_DEPLOYMENT_TARGET = 16.2;
				MTL_ENABLE_DEBUG_INFO = NO;
				MTL_FAST_MATH = YES;
				SDKROOT = iphoneos;
				SWIFT_COMPILATION_MODE = wholemodule;
				SWIFT_OPTIMIZATION_LEVEL = "-O";
				VALIDATE_PRODUCT = YES;
			};
			name = Release;
		};
		8F7BFC9E29D1835500395118 /* Debug */ = {
			isa = XCBuildConfiguration;
			buildSettings = {
				ASSETCATALOG_COMPILER_APPICON_NAME = AppIcon;
				ASSETCATALOG_COMPILER_GLOBAL_ACCENT_COLOR_NAME = AccentColor;
				CODE_SIGN_STYLE = Automatic;
				CURRENT_PROJECT_VERSION = 1;
				DEVELOPMENT_ASSET_PATHS = "\"movieApp/Preview Content\"";
				ENABLE_PREVIEWS = YES;
				GENERATE_INFOPLIST_FILE = YES;
				INFOPLIST_KEY_UIApplicationSceneManifest_Generation = YES;
				INFOPLIST_KEY_UIApplicationSupportsIndirectInputEvents = YES;
				INFOPLIST_KEY_UILaunchScreen_Generation = YES;
				INFOPLIST_KEY_UISupportedInterfaceOrientations_iPad = "UIInterfaceOrientationPortrait UIInterfaceOrientationPortraitUpsideDown UIInterfaceOrientationLandscapeLeft UIInterfaceOrientationLandscapeRight";
				INFOPLIST_KEY_UISupportedInterfaceOrientations_iPhone = "UIInterfaceOrientationPortrait UIInterfaceOrientationLandscapeLeft UIInterfaceOrientationLandscapeRight";
				LD_RUNPATH_SEARCH_PATHS = (
					"$(inherited)",
					"@executable_path/Frameworks",
				);
				MARKETING_VERSION = 1.0;
				PRODUCT_BUNDLE_IDENTIFIER = pierre.movieApp;
				PRODUCT_NAME = "$(TARGET_NAME)";
				SWIFT_EMIT_LOC_STRINGS = YES;
				SWIFT_VERSION = 5.0;
				TARGETED_DEVICE_FAMILY = "1,2";
			};
			name = Debug;
		};
		8F7BFC9F29D1835500395118 /* Release */ = {
			isa = XCBuildConfiguration;
			buildSettings = {
				ASSETCATALOG_COMPILER_APPICON_NAME = AppIcon;
				ASSETCATALOG_COMPILER_GLOBAL_ACCENT_COLOR_NAME = AccentColor;
				CODE_SIGN_STYLE = Automatic;
				CURRENT_PROJECT_VERSION = 1;
				DEVELOPMENT_ASSET_PATHS = "\"movieApp/Preview Content\"";
				ENABLE_PREVIEWS = YES;
				GENERATE_INFOPLIST_FILE = YES;
				INFOPLIST_KEY_UIApplicationSceneManifest_Generation = YES;
				INFOPLIST_KEY_UIApplicationSupportsIndirectInputEvents = YES;
				INFOPLIST_KEY_UILaunchScreen_Generation = YES;
				INFOPLIST_KEY_UISupportedInterfaceOrientations_iPad = "UIInterfaceOrientationPortrait UIInterfaceOrientationPortraitUpsideDown UIInterfaceOrientationLandscapeLeft UIInterfaceOrientationLandscapeRight";
				INFOPLIST_KEY_UISupportedInterfaceOrientations_iPhone = "UIInterfaceOrientationPortrait UIInterfaceOrientationLandscapeLeft UIInterfaceOrientationLandscapeRight";
				LD_RUNPATH_SEARCH_PATHS = (
					"$(inherited)",
					"@executable_path/Frameworks",
				);
				MARKETING_VERSION = 1.0;
				PRODUCT_BUNDLE_IDENTIFIER = pierre.movieApp;
				PRODUCT_NAME = "$(TARGET_NAME)";
				SWIFT_EMIT_LOC_STRINGS = YES;
				SWIFT_VERSION = 5.0;
				TARGETED_DEVICE_FAMILY = "1,2";
			};
			name = Release;
		};
		8F7BFCA129D1835500395118 /* Debug */ = {
			isa = XCBuildConfiguration;
			buildSettings = {
				ALWAYS_EMBED_SWIFT_STANDARD_LIBRARIES = YES;
				BUNDLE_LOADER = "$(TEST_HOST)";
				CODE_SIGN_STYLE = Automatic;
				CURRENT_PROJECT_VERSION = 1;
				GENERATE_INFOPLIST_FILE = YES;
				IPHONEOS_DEPLOYMENT_TARGET = 16.2;
				MARKETING_VERSION = 1.0;
				PRODUCT_BUNDLE_IDENTIFIER = pierre.movieAppTests;
				PRODUCT_NAME = "$(TARGET_NAME)";
				SWIFT_EMIT_LOC_STRINGS = NO;
				SWIFT_VERSION = 5.0;
				TARGETED_DEVICE_FAMILY = "1,2";
				TEST_HOST = "$(BUILT_PRODUCTS_DIR)/movieApp.app/$(BUNDLE_EXECUTABLE_FOLDER_PATH)/movieApp";
			};
			name = Debug;
		};
		8F7BFCA229D1835500395118 /* Release */ = {
			isa = XCBuildConfiguration;
			buildSettings = {
				ALWAYS_EMBED_SWIFT_STANDARD_LIBRARIES = YES;
				BUNDLE_LOADER = "$(TEST_HOST)";
				CODE_SIGN_STYLE = Automatic;
				CURRENT_PROJECT_VERSION = 1;
				GENERATE_INFOPLIST_FILE = YES;
				IPHONEOS_DEPLOYMENT_TARGET = 16.2;
				MARKETING_VERSION = 1.0;
				PRODUCT_BUNDLE_IDENTIFIER = pierre.movieAppTests;
				PRODUCT_NAME = "$(TARGET_NAME)";
				SWIFT_EMIT_LOC_STRINGS = NO;
				SWIFT_VERSION = 5.0;
				TARGETED_DEVICE_FAMILY = "1,2";
				TEST_HOST = "$(BUILT_PRODUCTS_DIR)/movieApp.app/$(BUNDLE_EXECUTABLE_FOLDER_PATH)/movieApp";
			};
			name = Release;
		};
		8F7BFCA429D1835500395118 /* Debug */ = {
			isa = XCBuildConfiguration;
			buildSettings = {
				ALWAYS_EMBED_SWIFT_STANDARD_LIBRARIES = YES;
				CODE_SIGN_STYLE = Automatic;
				CURRENT_PROJECT_VERSION = 1;
				GENERATE_INFOPLIST_FILE = YES;
				MARKETING_VERSION = 1.0;
				PRODUCT_BUNDLE_IDENTIFIER = pierre.movieAppUITests;
				PRODUCT_NAME = "$(TARGET_NAME)";
				SWIFT_EMIT_LOC_STRINGS = NO;
				SWIFT_VERSION = 5.0;
				TARGETED_DEVICE_FAMILY = "1,2";
				TEST_TARGET_NAME = movieApp;
			};
			name = Debug;
		};
		8F7BFCA529D1835500395118 /* Release */ = {
			isa = XCBuildConfiguration;
			buildSettings = {
				ALWAYS_EMBED_SWIFT_STANDARD_LIBRARIES = YES;
				CODE_SIGN_STYLE = Automatic;
				CURRENT_PROJECT_VERSION = 1;
				GENERATE_INFOPLIST_FILE = YES;
				MARKETING_VERSION = 1.0;
				PRODUCT_BUNDLE_IDENTIFIER = pierre.movieAppUITests;
				PRODUCT_NAME = "$(TARGET_NAME)";
				SWIFT_EMIT_LOC_STRINGS = NO;
				SWIFT_VERSION = 5.0;
				TARGETED_DEVICE_FAMILY = "1,2";
				TEST_TARGET_NAME = movieApp;
			};
			name = Release;
		};
/* End XCBuildConfiguration section */

/* Begin XCConfigurationList section */
		8F7BFC7429D1835300395118 /* Build configuration list for PBXProject "movieApp" */ = {
			isa = XCConfigurationList;
			buildConfigurations = (
				8F7BFC9B29D1835500395118 /* Debug */,
				8F7BFC9C29D1835500395118 /* Release */,
			);
			defaultConfigurationIsVisible = 0;
			defaultConfigurationName = Release;
		};
		8F7BFC9D29D1835500395118 /* Build configuration list for PBXNativeTarget "movieApp" */ = {
			isa = XCConfigurationList;
			buildConfigurations = (
				8F7BFC9E29D1835500395118 /* Debug */,
				8F7BFC9F29D1835500395118 /* Release */,
			);
			defaultConfigurationIsVisible = 0;
			defaultConfigurationName = Release;
		};
		8F7BFCA029D1835500395118 /* Build configuration list for PBXNativeTarget "movieAppTests" */ = {
			isa = XCConfigurationList;
			buildConfigurations = (
				8F7BFCA129D1835500395118 /* Debug */,
				8F7BFCA229D1835500395118 /* Release */,
			);
			defaultConfigurationIsVisible = 0;
			defaultConfigurationName = Release;
		};
		8F7BFCA329D1835500395118 /* Build configuration list for PBXNativeTarget "movieAppUITests" */ = {
			isa = XCConfigurationList;
			buildConfigurations = (
				8F7BFCA429D1835500395118 /* Debug */,
				8F7BFCA529D1835500395118 /* Release */,
			);
			defaultConfigurationIsVisible = 0;
			defaultConfigurationName = Release;
		};
/* End XCConfigurationList section */
	};
	rootObject = 8F7BFC7129D1835300395118 /* Project object */;
}
